
Microsoft Visual Studio Solution File, Format Version 12.00
# Visual Studio Version 17
VisualStudioVersion = 17.14.36127.28 d17.14
MinimumVisualStudioVersion = 10.0.40219.1
Project("{FAE04EC0-301F-11D3-BF4B-00C04F79EFBC}") = "TabPage Arkadii", "TabPage Arkadii\TabPage Arkadii.csproj", "{C8D88368-07C3-47B2-8E34-FB3E08B12B53}"
EndProject
Global
	GlobalSection(SolutionConfigurationPlatforms) = preSolution
		Debug|Any CPU = Debug|Any CPU
		Release|Any CPU = Release|Any CPU
	EndGlobalSection
	GlobalSection(ProjectConfigurationPlatforms) = postSolution
		{C8D88368-07C3-47B2-8E34-FB3E08B12B53}.Debug|Any CPU.ActiveCfg = Debug|Any CPU
		{C8D88368-07C3-47B2-8E34-FB3E08B12B53}.Debug|Any CPU.Build.0 = Debug|Any CPU
		{C8D88368-07C3-47B2-8E34-FB3E08B12B53}.Release|Any CPU.ActiveCfg = Release|Any CPU
		{C8D88368-07C3-47B2-8E34-FB3E08B12B53}.Release|Any CPU.Build.0 = Release|Any CPU
	EndGlobalSection
	GlobalSection(SolutionProperties) = preSolution
		HideSolutionNode = FALSE
	EndGlobalSection
	GlobalSection(ExtensibilityGlobals) = postSolution
		SolutionGuid = {4D613239-136F-447E-81EC-ECD171BE3B9E}
	EndGlobalSection
EndGlobal
